
Microsoft Visual Studio Solution File, Format Version 11.00
# Visual Studio 2010
Project("{8BC9CEB8-8B4A-11D0-8D11-00A0C91BC942}") = "HupaiAssistant", "HupaiAssistant\HupaiAssistant.vcxproj", "{5B09B130-88E4-42B6-87E6-5898BA67E30C}"
EndProject
Global
	GlobalSection(SolutionConfigurationPlatforms) = preSolution
		Debug|Win32 = Debug|Win32
		Release|Win32 = Release|Win32
	EndGlobalSection
	GlobalSection(ProjectConfigurationPlatforms) = postSolution
		{5B09B130-88E4-42B6-87E6-5898BA67E30C}.Debug|Win32.ActiveCfg = Debug|Win32
		{5B09B130-88E4-42B6-87E6-5898BA67E30C}.Debug|Win32.Build.0 = Debug|Win32
		{5B09B130-88E4-42B6-87E6-5898BA67E30C}.Release|Win32.ActiveCfg = Release|Win32
		{5B09B130-88E4-42B6-87E6-5898BA67E30C}.Release|Win32.Build.0 = Release|Win32
	EndGlobalSection
	GlobalSection(SolutionProperties) = preSolution
		HideSolutionNode = FALSE
	EndGlobalSection
EndGlobal
